
Microsoft Visual Studio Solution File, Format Version 12.00
# Visual Studio Version 17
VisualStudioVersion = 17.5.002.0
MinimumVisualStudioVersion = 10.0.40219.1
Project("{9A19103F-16F7-4668-BE54-9A1E7A4F7556}") = "asp-net-ecommerce-web-api", "asp-net-ecommerce-web-api.csproj", "{28663C00-0062-4384-9E40-8C16DB9947D0}"
EndProject
Global
	GlobalSection(SolutionConfigurationPlatforms) = preSolution
		Debug|Any CPU = Debug|Any CPU
		Release|Any CPU = Release|Any CPU
	EndGlobalSection
	GlobalSection(ProjectConfigurationPlatforms) = postSolution
		{28663C00-0062-4384-9E40-8C16DB9947D0}.Debug|Any CPU.ActiveCfg = Debug|Any CPU
		{28663C00-0062-4384-9E40-8C16DB9947D0}.Debug|Any CPU.Build.0 = Debug|Any CPU
		{28663C00-0062-4384-9E40-8C16DB9947D0}.Release|Any CPU.ActiveCfg = Release|Any CPU
		{28663C00-0062-4384-9E40-8C16DB9947D0}.Release|Any CPU.Build.0 = Release|Any CPU
	EndGlobalSection
	GlobalSection(SolutionProperties) = preSolution
		HideSolutionNode = FALSE
	EndGlobalSection
	GlobalSection(ExtensibilityGlobals) = postSolution
		SolutionGuid = {554BDC0E-D1E9-41DF-8892-CDCD6B12AA15}
	EndGlobalSection
EndGlobal
